{
  "name": "clipworkspace",
  "lockfileVersion": 3,
  "requires": true,
  "packages": {
    "": {
      "dependencies": {
        "deno": "^2.5.6"
      }
    },
    "node_modules/@deno/darwin-arm64": {
      "version": "2.5.6",
      "resolved": "https://registry.npmjs.org/@deno/darwin-arm64/-/darwin-arm64-2.5.6.tgz",
      "integrity": "sha512-aQoAQSQdA8PVhS9ibx/vl1xtP0ngiZCD2tW/PqUd13fmwM12m3O2V8/oyMTzqXZtT/PnoiOtcqtujbF/yRUyVg==",
      "cpu": [
        "arm64"
      ],
      "optional": true,
      "os": [
        "darwin"
      ]
    },
    "node_modules/@deno/darwin-x64": {
      "version": "2.5.6",
      "resolved": "https://registry.npmjs.org/@deno/darwin-x64/-/darwin-x64-2.5.6.tgz",
      "integrity": "sha512-9GrCi8ga5mgYB1b/8Pj9vRF4VVNLTuzyVd6bL0vEKFBZ/w27cQj0oY2o60t8AUTpW8iXpJfXMDoY7j4yiK1Xug==",
      "cpu": [
        "x64"
      ],
      "optional": true,
      "os": [
        "darwin"
      ]
    },
    "node_modules/@deno/linux-arm64-glibc": {
      "version": "2.5.6",
      "resolved": "https://registry.npmjs.org/@deno/linux-arm64-glibc/-/linux-arm64-glibc-2.5.6.tgz",
      "integrity": "sha512-HiAHeFBmNRsJFulNMQ2LX3k+IvAIhGAo9JcW/0PwrNa3WbMql9wq37pOPp8DkW2VUTvghh3FZm6GUcryUml4bQ==",
      "cpu": [
        "arm64"
      ],
      "optional": true,
      "os": [
        "linux"
      ]
    },
    "node_modules/@deno/linux-x64-glibc": {
      "version": "2.5.6",
      "resolved": "https://registry.npmjs.org/@deno/linux-x64-glibc/-/linux-x64-glibc-2.5.6.tgz",
      "integrity": "sha512-aYct9Vp1RgKR2yW9hyWGTIL0EN0MgqaBuD0fbnQHygd4ftSfd/aWcBB3+n7OTUX/YNWSxYkOMLV1N8RWUCj4jw==",
      "cpu": [
        "x64"
      ],
      "optional": true,
      "os": [
        "linux"
      ]
    },
    "node_modules/@deno/win32-arm64": {
      "version": "2.5.6",
      "resolved": "https://registry.npmjs.org/@deno/win32-arm64/-/win32-arm64-2.5.6.tgz",
      "integrity": "sha512-HZq7gShjAehx1d2qg2cHRJJbxpbBk8kVmoPiZpILnN66XRwbNlWtrAUwsXNyHuBHcaT+7LgPTRUzX3KuDYXbwg==",
      "cpu": [
        "arm64"
      ],
      "optional": true,
      "os": [
        "win32"
      ]
    },
    "node_modules/@deno/win32-x64": {
      "version": "2.5.6",
      "resolved": "https://registry.npmjs.org/@deno/win32-x64/-/win32-x64-2.5.6.tgz",
      "integrity": "sha512-GRBl8+CQbNeTp9CrxbCuAuqxi592NZfac1AvDgFEPt8O9aZe/2k+y7AQwESJGxEvyJl1vw6UV24qdf9N7pCM9Q==",
      "cpu": [
        "x64"
      ],
      "optional": true,
      "os": [
        "win32"
      ]
    },
    "node_modules/deno": {
      "version": "2.5.6",
      "resolved": "https://registry.npmjs.org/deno/-/deno-2.5.6.tgz",
      "integrity": "sha512-SSe2gCf41A/uln54H7xdKZFtiDt+reBxYM4IaJLRH/NpEIE5T3VOcLSLHPaJzyiTvZe2xMz1QFcpg4cco5rNsA==",
      "hasInstallScript": true,
      "bin": {
        "deno": "bin.cjs"
      },
      "optionalDependencies": {
        "@deno/darwin-arm64": "2.5.6",
        "@deno/darwin-x64": "2.5.6",
        "@deno/linux-arm64-glibc": "2.5.6",
        "@deno/linux-x64-glibc": "2.5.6",
        "@deno/win32-arm64": "2.5.6",
        "@deno/win32-x64": "2.5.6"
      }
    }
  }
}
